
Microsoft Visual Studio Solution File, Format Version 12.00
# Visual Studio 15
VisualStudioVersion = 15.0.28010.2048
MinimumVisualStudioVersion = 10.0.40219.1
Project("{8BC9CEB8-8B4A-11D0-8D11-00A0C91BC942}") = "google_test_try", "google_test_try\google_test_try.vcxproj", "{00BE0CBF-1286-44AA-B5A2-1E18423AC551}"
EndProject
Project("{8BC9CEB8-8B4A-11D0-8D11-00A0C91BC942}") = "point-test", "point-test\point-test.vcxproj", "{E66442E5-8BCC-451B-8F31-CB62E4B700B0}"
EndProject
Project("{8BC9CEB8-8B4A-11D0-8D11-00A0C91BC942}") = "fw_iterator_test", "fw_iterator_test\fw_iterator_test.vcxproj", "{17C83463-11FC-487F-AA20-46424DA38FF2}"
EndProject
Project("{2150E333-8FDC-42A3-9474-1A3956D46DE8}") = "test", "test", "{83D1CB6B-5EEB-4145-A526-671D637FA4AC}"
EndProject
Project("{2150E333-8FDC-42A3-9474-1A3956D46DE8}") = "project", "project", "{55FBF7D5-06BF-4FD7-9856-F02EBA9D83B9}"
EndProject
Global
	GlobalSection(SolutionConfigurationPlatforms) = preSolution
		Debug|x64 = Debug|x64
		Debug|x86 = Debug|x86
		Release|x64 = Release|x64
		Release|x86 = Release|x86
	EndGlobalSection
	GlobalSection(ProjectConfigurationPlatforms) = postSolution
		{00BE0CBF-1286-44AA-B5A2-1E18423AC551}.Debug|x64.ActiveCfg = Debug|x64
		{00BE0CBF-1286-44AA-B5A2-1E18423AC551}.Debug|x64.Build.0 = Debug|x64
		{00BE0CBF-1286-44AA-B5A2-1E18423AC551}.Debug|x86.ActiveCfg = Debug|Win32
		{00BE0CBF-1286-44AA-B5A2-1E18423AC551}.Debug|x86.Build.0 = Debug|Win32
		{00BE0CBF-1286-44AA-B5A2-1E18423AC551}.Release|x64.ActiveCfg = Release|x64
		{00BE0CBF-1286-44AA-B5A2-1E18423AC551}.Release|x64.Build.0 = Release|x64
		{00BE0CBF-1286-44AA-B5A2-1E18423AC551}.Release|x86.ActiveCfg = Release|Win32
		{00BE0CBF-1286-44AA-B5A2-1E18423AC551}.Release|x86.Build.0 = Release|Win32
		{E66442E5-8BCC-451B-8F31-CB62E4B700B0}.Debug|x64.ActiveCfg = Debug|x64
		{E66442E5-8BCC-451B-8F31-CB62E4B700B0}.Debug|x64.Build.0 = Debug|x64
		{E66442E5-8BCC-451B-8F31-CB62E4B700B0}.Debug|x86.ActiveCfg = Debug|Win32
		{E66442E5-8BCC-451B-8F31-CB62E4B700B0}.Debug|x86.Build.0 = Debug|Win32
		{E66442E5-8BCC-451B-8F31-CB62E4B700B0}.Release|x64.ActiveCfg = Release|x64
		{E66442E5-8BCC-451B-8F31-CB62E4B700B0}.Release|x64.Build.0 = Release|x64
		{E66442E5-8BCC-451B-8F31-CB62E4B700B0}.Release|x86.ActiveCfg = Release|Win32
		{E66442E5-8BCC-451B-8F31-CB62E4B700B0}.Release|x86.Build.0 = Release|Win32
		{17C83463-11FC-487F-AA20-46424DA38FF2}.Debug|x64.ActiveCfg = Debug|x64
		{17C83463-11FC-487F-AA20-46424DA38FF2}.Debug|x64.Build.0 = Debug|x64
		{17C83463-11FC-487F-AA20-46424DA38FF2}.Debug|x86.ActiveCfg = Debug|Win32
		{17C83463-11FC-487F-AA20-46424DA38FF2}.Debug|x86.Build.0 = Debug|Win32
		{17C83463-11FC-487F-AA20-46424DA38FF2}.Release|x64.ActiveCfg = Release|x64
		{17C83463-11FC-487F-AA20-46424DA38FF2}.Release|x64.Build.0 = Release|x64
		{17C83463-11FC-487F-AA20-46424DA38FF2}.Release|x86.ActiveCfg = Release|Win32
		{17C83463-11FC-487F-AA20-46424DA38FF2}.Release|x86.Build.0 = Release|Win32
	EndGlobalSection
	GlobalSection(SolutionProperties) = preSolution
		HideSolutionNode = FALSE
	EndGlobalSection
	GlobalSection(NestedProjects) = preSolution
		{00BE0CBF-1286-44AA-B5A2-1E18423AC551} = {55FBF7D5-06BF-4FD7-9856-F02EBA9D83B9}
		{E66442E5-8BCC-451B-8F31-CB62E4B700B0} = {83D1CB6B-5EEB-4145-A526-671D637FA4AC}
		{17C83463-11FC-487F-AA20-46424DA38FF2} = {83D1CB6B-5EEB-4145-A526-671D637FA4AC}
	EndGlobalSection
	GlobalSection(ExtensibilityGlobals) = postSolution
		SolutionGuid = {D4F4B5CF-7EAD-48D0-AFA7-6FD41653FE38}
	EndGlobalSection
EndGlobal
